// !$*UTF8*$!
{
	archiveVersion = 1;
	classes = {
	};
	objectVersion = 46;
	objects = {

/* Begin PBXBuildFile section */
		CEEF17A51DE25564005D46E2 /* AppDelegate.swift in Sources */ = {isa = PBXBuildFile; fileRef = CEEF17A41DE25564005D46E2 /* AppDelegate.swift */; };
		CEEF17A71DE25564005D46E2 /* ViewController.swift in Sources */ = {isa = PBXBuildFile; fileRef = CEEF17A61DE25564005D46E2 /* ViewController.swift */; };
		CEEF17AA1DE25564005D46E2 /* Main.storyboard in Resources */ = {isa = PBXBuildFile; fileRef = CEEF17A81DE25564005D46E2 /* Main.storyboard */; };
		CEEF17AD1DE25564005D46E2 /* ACBAReserveMeiOS.xcdatamodeld in Sources */ = {isa = PBXBuildFile; fileRef = CEEF17AB1DE25564005D46E2 /* ACBAReserveMeiOS.xcdatamodeld */; };
		CEEF17AF1DE25564005D46E2 /* Assets.xcassets in Resources */ = {isa = PBXBuildFile; fileRef = CEEF17AE1DE25564005D46E2 /* Assets.xcassets */; };
		CEEF17B21DE25564005D46E2 /* LaunchScreen.storyboard in Resources */ = {isa = PBXBuildFile; fileRef = CEEF17B01DE25564005D46E2 /* LaunchScreen.storyboard */; };
/* End PBXBuildFile section */

/* Begin PBXFileReference section */
		CEEF17A11DE25564005D46E2 /* ACBAReserveMeiOS.app */ = {isa = PBXFileReference; explicitFileType = wrapper.application; includeInIndex = 0; path = ACBAReserveMeiOS.app; sourceTree = BUILT_PRODUCTS_DIR; };
		CEEF17A41DE25564005D46E2 /* AppDelegate.swift */ = {isa = PBXFileReference; lastKnownFileType = sourcecode.swift; path = AppDelegate.swift; sourceTree = "<group>"; };
		CEEF17A61DE25564005D46E2 /* ViewController.swift */ = {isa = PBXFileReference; lastKnownFileType = sourcecode.swift; path = ViewController.swift; sourceTree = "<group>"; };
		CEEF17A91DE25564005D46E2 /* Base */ = {isa = PBXFileReference; lastKnownFileType = file.storyboard; name = Base; path = Base.lproj/Main.storyboard; sourceTree = "<group>"; };
		CEEF17AC1DE25564005D46E2 /* ACBAReserveMeiOS.xcdatamodel */ = {isa = PBXFileReference; lastKnownFileType = wrapper.xcdatamodel; path = ACBAReserveMeiOS.xcdatamodel; sourceTree = "<group>"; };
		CEEF17AE1DE25564005D46E2 /* Assets.xcassets */ = {isa = PBXFileReference; lastKnownFileType = folder.assetcatalog; path = Assets.xcassets; sourceTree = "<group>"; };
		CEEF17B11DE25564005D46E2 /* Base */ = {isa = PBXFileReference; lastKnownFileType = file.storyboard; name = Base; path = Base.lproj/LaunchScreen.storyboard; sourceTree = "<group>"; };
		CEEF17B31DE25564005D46E2 /* Info.plist */ = {isa = PBXFileReference; lastKnownFileType = text.plist.xml; path = Info.plist; sourceTree = "<group>"; };
/* End PBXFileReference section */

/* Begin PBXFrameworksBuildPhase section */
		CEEF179E1DE25564005D46E2 /* Frameworks */ = {
			isa = PBXFrameworksBuildPhase;
			buildActionMask = 2147483647;
			files = (
			);
			runOnlyForDeploymentPostprocessing = 0;
		};
/* End PBXFrameworksBuildPhase section */

/* Begin PBXGroup section */
		CEEF17981DE25564005D46E2 = {
			isa = PBXGroup;
			children = (
				CEEF17A31DE25564005D46E2 /* ACBAReserveMeiOS */,
				CEEF17A21DE25564005D46E2 /* Products */,
			);
			sourceTree = "<group>";
		};
		CEEF17A21DE25564005D46E2 /* Products */ = {
			isa = PBXGroup;
			children = (
				CEEF17A11DE25564005D46E2 /* ACBAReserveMeiOS.app */,
			);
			name = Products;
			sourceTree = "<group>";
		};
		CEEF17A31DE25564005D46E2 /* ACBAReserveMeiOS */ = {
			isa = PBXGroup;
			children = (
				CEEF17A41DE25564005D46E2 /* AppDelegate.swift */,
				CEEF17A61DE25564005D46E2 /* ViewController.swift */,
				CEEF17A81DE25564005D46E2 /* Main.storyboard */,
				CEEF17AE1DE25564005D46E2 /* Assets.xcassets */,
				CEEF17B01DE25564005D46E2 /* LaunchScreen.storyboard */,
				CEEF17B31DE25564005D46E2 /* Info.plist */,
				CEEF17AB1DE25564005D46E2 /* ACBAReserveMeiOS.xcdatamodeld */,
			);
			path = ACBAReserveMeiOS;
			sourceTree = "<group>";
		};
/* End PBXGroup section */

/* Begin PBXNativeTarget section */
		CEEF17A01DE25564005D46E2 /* ACBAReserveMeiOS */ = {
			isa = PBXNativeTarget;
			buildConfigurationList = CEEF17B61DE25564005D46E2 /* Build configuration list for PBXNativeTarget "ACBAReserveMeiOS" */;
			buildPhases = (
				CEEF179D1DE25564005D46E2 /* Sources */,
				CEEF179E1DE25564005D46E2 /* Frameworks */,
				CEEF179F1DE25564005D46E2 /* Resources */,
			);
			buildRules = (
			);
			dependencies = (
			);
			name = ACBAReserveMeiOS;
			productName = ACBAReserveMeiOS;
			productReference = CEEF17A11DE25564005D46E2 /* ACBAReserveMeiOS.app */;
			productType = "com.apple.product-type.application";
		};
/* End PBXNativeTarget section */

/* Begin PBXProject section */
		CEEF17991DE25564005D46E2 /* Project object */ = {
			isa = PBXProject;
			attributes = {
				LastSwiftUpdateCheck = 0730;
				LastUpgradeCheck = 0730;
				ORGANIZATIONNAME = user;
				TargetAttributes = {
					CEEF17A01DE25564005D46E2 = {
						CreatedOnToolsVersion = 7.3.1;
					};
				};
			};
			buildConfigurationList = CEEF179C1DE25564005D46E2 /* Build configuration list for PBXProject "ACBAReserveMeiOS" */;
			compatibilityVersion = "Xcode 3.2";
			developmentRegion = English;
			hasScannedForEncodings = 0;
			knownRegions = (
				en,
				Base,
			);
			mainGroup = CEEF17981DE25564005D46E2;
			productRefGroup = CEEF17A21DE25564005D46E2 /* Products */;
			projectDirPath = "";
			projectRoot = "";
			targets = (
				CEEF17A01DE25564005D46E2 /* ACBAReserveMeiOS */,
			);
		};
/* End PBXProject section */

/* Begin PBXResourcesBuildPhase section */
		CEEF179F1DE25564005D46E2 /* Resources */ = {
			isa = PBXResourcesBuildPhase;
			buildActionMask = 2147483647;
			files = (
				CEEF17B21DE25564005D46E2 /* LaunchScreen.storyboard in Resources */,
				CEEF17AF1DE25564005D46E2 /* Assets.xcassets in Resources */,
				CEEF17AA1DE25564005D46E2 /* Main.storyboard in Resources */,
			);
			runOnlyForDeploymentPostprocessing = 0;
		};
/* End PBXResourcesBuildPhase section */

/* Begin PBXSourcesBuildPhase section */
		CEEF179D1DE25564005D46E2 /* Sources */ = {
			isa = PBXSourcesBuildPhase;
			buildActionMask = 2147483647;
			files = (
				CEEF17A71DE25564005D46E2 /* ViewController.swift in Sources */,
				CEEF17A51DE25564005D46E2 /* AppDelegate.swift in Sources */,
				CEEF17AD1DE25564005D46E2 /* ACBAReserveMeiOS.xcdatamodeld in Sources */,
			);
			runOnlyForDeploymentPostprocessing = 0;
		};
/* End PBXSourcesBuildPhase section */

/* Begin PBXVariantGroup section */
		CEEF17A81DE25564005D46E2 /* Main.storyboard */ = {
			isa = PBXVariantGroup;
			children = (
				CEEF17A91DE25564005D46E2 /* Base */,
			);
			name = Main.storyboard;
			sourceTree = "<group>";
		};
		CEEF17B01DE25564005D46E2 /* LaunchScreen.storyboard */ = {
			isa = PBXVariantGroup;
			children = (
				CEEF17B11DE25564005D46E2 /* Base */,
			);
			name = LaunchScreen.storyboard;
			sourceTree = "<group>";
		};
/* End PBXVariantGroup section */

/* Begin XCBuildConfiguration section */
		CEEF17B41DE25564005D46E2 /* Debug */ = {
			isa = XCBuildConfiguration;
			buildSettings = {
				ALWAYS_SEARCH_USER_PATHS = NO;
				CLANG_ANALYZER_NONNULL = YES;
				CLANG_CXX_LANGUAGE_STANDARD = "gnu++0x";
				CLANG_CXX_LIBRARY = "libc++";
				CLANG_ENABLE_MODULES = YES;
				CLANG_ENABLE_OBJC_ARC = YES;
				CLANG_WARN_BOOL_CONVERSION = YES;
				CLANG_WARN_CONSTANT_CONVERSION = YES;
				CLANG_WARN_DIRECT_OBJC_ISA_USAGE = YES_ERROR;
				CLANG_WARN_EMPTY_BODY = YES;
				CLANG_WARN_ENUM_CONVERSION = YES;
				CLANG_WARN_INT_CONVERSION = YES;
				CLANG_WARN_OBJC_ROOT_CLASS = YES_ERROR;
				CLANG_WARN_UNREACHABLE_CODE = YES;
				CLANG_WARN__DUPLICATE_METHOD_MATCH = YES;
				"CODE_SIGN_IDENTITY[sdk=iphoneos*]" = "iPhone Developer";
				COPY_PHASE_STRIP = NO;
				DEBUG_INFORMATION_FORMAT = dwarf;
				ENABLE_STRICT_OBJC_MSGSEND = YES;
				ENABLE_TESTABILITY = YES;
				GCC_C_LANGUAGE_STANDARD = gnu99;
				GCC_DYNAMIC_NO_PIC = NO;
				GCC_NO_COMMON_BLOCKS = YES;
				GCC_OPTIMIZATION_LEVEL = 0;
				GCC_PREPROCESSOR_DEFINITIONS = (
					"DEBUG=1",
					"$(inherited)",
				);
				GCC_WARN_64_TO_32_BIT_CONVERSION = YES;
				GCC_WARN_ABOUT_RETURN_TYPE = YES_ERROR;
				GCC_WARN_UNDECLARED_SELECTOR = YES;
				GCC_WARN_UNINITIALIZED_AUTOS = YES_AGGRESSIVE;
				GCC_WARN_UNUSED_FUNCTION = YES;
				GCC_WARN_UNUSED_VARIABLE = YES;
				IPHONEOS_DEPLOYMENT_TARGET = 9.3;
				MTL_ENABLE_DEBUG_INFO = YES;
				ONLY_ACTIVE_ARCH = YES;
				SDKROOT = iphoneos;
				SWIFT_OPTIMIZATION_LEVEL = "-Onone";
			};
			name = Debug;
		};
		CEEF17B51DE25564005D46E2 /* Release */ = {
			isa = XCBuildConfiguration;
			buildSettings = {
				ALWAYS_SEARCH_USER_PATHS = NO;
				CLANG_ANALYZER_NONNULL = YES;
				CLANG_CXX_LANGUAGE_STANDARD = "gnu++0x";
				CLANG_CXX_LIBRARY = "libc++";
				CLANG_ENABLE_MODULES = YES;
				CLANG_ENABLE_OBJC_ARC = YES;
				CLANG_WARN_BOOL_CONVERSION = YES;
				CLANG_WARN_CONSTANT_CONVERSION = YES;
				CLANG_WARN_DIRECT_OBJC_ISA_USAGE = YES_ERROR;
				CLANG_WARN_EMPTY_BODY = YES;
				CLANG_WARN_ENUM_CONVERSION = YES;
				CLANG_WARN_INT_CONVERSION = YES;
				CLANG_WARN_OBJC_ROOT_CLASS = YES_ERROR;
				CLANG_WARN_UNREACHABLE_CODE = YES;
				CLANG_WARN__DUPLICATE_METHOD_MATCH = YES;
				"CODE_SIGN_IDENTITY[sdk=iphoneos*]" = "iPhone Developer";
				COPY_PHASE_STRIP = NO;
				DEBUG_INFORMATION_FORMAT = "dwarf-with-dsym";
				ENABLE_NS_ASSERTIONS = NO;
				ENABLE_STRICT_OBJC_MSGSEND = YES;
				GCC_C_LANGUAGE_STANDARD = gnu99;
				GCC_NO_COMMON_BLOCKS = YES;
				GCC_WARN_64_TO_32_BIT_CONVERSION = YES;
				GCC_WARN_ABOUT_RETURN_TYPE = YES_ERROR;
				GCC_WARN_UNDECLARED_SELECTOR = YES;
				GCC_WARN_UNINITIALIZED_AUTOS = YES_AGGRESSIVE;
				GCC_WARN_UNUSED_FUNCTION = YES;
				GCC_WARN_UNUSED_VARIABLE = YES;
				IPHONEOS_DEPLOYMENT_TARGET = 9.3;
				MTL_ENABLE_DEBUG_INFO = NO;
				SDKROOT = iphoneos;
				VALIDATE_PRODUCT = YES;
			};
			name = Release;
		};
		CEEF17B71DE25564005D46E2 /* Debug */ = {
			isa = XCBuildConfiguration;
			buildSettings = {
				ASSETCATALOG_COMPILER_APPICON_NAME = AppIcon;
				INFOPLIST_FILE = ACBAReserveMeiOS/Info.plist;
				LD_RUNPATH_SEARCH_PATHS = "$(inherited) @executable_path/Frameworks";
				PRODUCT_BUNDLE_IDENTIFIER = acba.ACBAReserveMeiOS;
				PRODUCT_NAME = "$(TARGET_NAME)";
			};
			name = Debug;
		};
		CEEF17B81DE25564005D46E2 /* Release */ = {
			isa = XCBuildConfiguration;
			buildSettings = {
				ASSETCATALOG_COMPILER_APPICON_NAME = AppIcon;
				INFOPLIST_FILE = ACBAReserveMeiOS/Info.plist;
				LD_RUNPATH_SEARCH_PATHS = "$(inherited) @executable_path/Frameworks";
				PRODUCT_BUNDLE_IDENTIFIER = acba.ACBAReserveMeiOS;
				PRODUCT_NAME = "$(TARGET_NAME)";
			};
			name = Release;
		};
/* End XCBuildConfiguration section */

/* Begin XCConfigurationList section */
		CEEF179C1DE25564005D46E2 /* Build configuration list for PBXProject "ACBAReserveMeiOS" */ = {
			isa = XCConfigurationList;
			buildConfigurations = (
				CEEF17B41DE25564005D46E2 /* Debug */,
				CEEF17B51DE25564005D46E2 /* Release */,
			);
			defaultConfigurationIsVisible = 0;
			defaultConfigurationName = Release;
		};
		CEEF17B61DE25564005D46E2 /* Build configuration list for PBXNativeTarget "ACBAReserveMeiOS" */ = {
			isa = XCConfigurationList;
			buildConfigurations = (
				CEEF17B71DE25564005D46E2 /* Debug */,
				CEEF17B81DE25564005D46E2 /* Release */,
			);
			defaultConfigurationIsVisible = 0;
		};
/* End XCConfigurationList section */

/* Begin XCVersionGroup section */
		CEEF17AB1DE25564005D46E2 /* ACBAReserveMeiOS.xcdatamodeld */ = {
			isa = XCVersionGroup;
			children = (
				CEEF17AC1DE25564005D46E2 /* ACBAReserveMeiOS.xcdatamodel */,
			);
			currentVersion = CEEF17AC1DE25564005D46E2 /* ACBAReserveMeiOS.xcdatamodel */;
			path = ACBAReserveMeiOS.xcdatamodeld;
			sourceTree = "<group>";
			versionGroupType = wrapper.xcdatamodel;
		};
/* End XCVersionGroup section */
	};
	rootObject = CEEF17991DE25564005D46E2 /* Project object */;
}
